{
  "name": "get-memes",
  "lockfileVersion": 2,
  "requires": true,
  "packages": {
    "": {
      "dependencies": {
        "@architect/functions": "^4.0.0"
      }
    },
    "node_modules/@architect/functions": {
      "version": "4.0.0",
      "license": "Apache-2.0",
      "dependencies": {
        "aws-serverless-express": "^3.4.0",
        "cookie": "^0.4.1",
        "cookie-signature": "^1.1.0",
        "csrf": "^3.1.0",
        "node-webtokens": "^1.0.4",
        "run-parallel": "^1.2.0",
        "run-waterfall": "^1.1.7",
        "uid-safe": "^2.1.5"
      },
      "engines": {
        "node": ">=12"
      }
    },
    "node_modules/@vendia/serverless-express": {
      "version": "3.4.0",
      "license": "Apache-2.0",
      "dependencies": {
        "binary-case": "^1.0.0",
        "type-is": "^1.6.16"
      },
      "engines": {
        "node": ">=6"
      }
    },
    "node_modules/aws-serverless-express": {
      "version": "3.4.0",
      "license": "Apache-2.0",
      "dependencies": {
        "@vendia/serverless-express": "^3.4.0",
        "binary-case": "^1.0.0",
        "type-is": "^1.6.16"
      },
      "engines": {
        "node": ">=6"
      }
    },
    "node_modules/binary-case": {
      "version": "1.1.4",
      "license": "Apache-2.0"
    },
    "node_modules/cookie": {
      "version": "0.4.1",
      "license": "MIT",
      "engines": {
        "node": ">= 0.6"
      }
    },
    "node_modules/cookie-signature": {
      "version": "1.1.0",
      "license": "MIT",
      "engines": {
        "node": ">=6.6.0"
      }
    },
    "node_modules/csrf": {
      "version": "3.1.0",
      "license": "MIT",
      "dependencies": {
        "rndm": "1.2.0",
        "tsscmp": "1.0.6",
        "uid-safe": "2.1.5"
      },
      "engines": {
        "node": ">= 0.8"
      }
    },
    "node_modules/media-typer": {
      "version": "0.3.0",
      "license": "MIT",
      "engines": {
        "node": ">= 0.6"
      }
    },
    "node_modules/mime-db": {
      "version": "1.49.0",
      "license": "MIT",
      "engines": {
        "node": ">= 0.6"
      }
    },
    "node_modules/mime-types": {
      "version": "2.1.32",
      "license": "MIT",
      "dependencies": {
        "mime-db": "1.49.0"
      },
      "engines": {
        "node": ">= 0.6"
      }
    },
    "node_modules/node-webtokens": {
      "version": "1.0.4",
      "license": "MIT",
      "engines": {
        "node": ">=6.6.0"
      }
    },
    "node_modules/queue-microtask": {
      "version": "1.2.3",
      "funding": [
        {
          "type": "github",
          "url": "https://github.com/sponsors/feross"
        },
        {
          "type": "patreon",
          "url": "https://www.patreon.com/feross"
        },
        {
          "type": "consulting",
          "url": "https://feross.org/support"
        }
      ],
      "license": "MIT"
    },
    "node_modules/random-bytes": {
      "version": "1.0.0",
      "license": "MIT",
      "engines": {
        "node": ">= 0.8"
      }
    },
    "node_modules/rndm": {
      "version": "1.2.0",
      "license": "MIT"
    },
    "node_modules/run-parallel": {
      "version": "1.2.0",
      "funding": [
        {
          "type": "github",
          "url": "https://github.com/sponsors/feross"
        },
        {
          "type": "patreon",
          "url": "https://www.patreon.com/feross"
        },
        {
          "type": "consulting",
          "url": "https://feross.org/support"
        }
      ],
      "license": "MIT",
      "dependencies": {
        "queue-microtask": "^1.2.2"
      }
    },
    "node_modules/run-waterfall": {
      "version": "1.1.7",
      "funding": [
        {
          "type": "github",
          "url": "https://github.com/sponsors/feross"
        },
        {
          "type": "patreon",
          "url": "https://www.patreon.com/feross"
        },
        {
          "type": "consulting",
          "url": "https://feross.org/support"
        }
      ],
      "license": "MIT"
    },
    "node_modules/tsscmp": {
      "version": "1.0.6",
      "license": "MIT",
      "engines": {
        "node": ">=0.6.x"
      }
    },
    "node_modules/type-is": {
      "version": "1.6.18",
      "license": "MIT",
      "dependencies": {
        "media-typer": "0.3.0",
        "mime-types": "~2.1.24"
      },
      "engines": {
        "node": ">= 0.6"
      }
    },
    "node_modules/uid-safe": {
      "version": "2.1.5",
      "license": "MIT",
      "dependencies": {
        "random-bytes": "~1.0.0"
      },
      "engines": {
        "node": ">= 0.8"
      }
    }
  },
  "dependencies": {
    "@architect/functions": {
      "version": "4.0.0",
      "requires": {
        "aws-serverless-express": "^3.4.0",
        "cookie": "^0.4.1",
        "cookie-signature": "^1.1.0",
        "csrf": "^3.1.0",
        "node-webtokens": "^1.0.4",
        "run-parallel": "^1.2.0",
        "run-waterfall": "^1.1.7",
        "uid-safe": "^2.1.5"
      }
    },
    "@vendia/serverless-express": {
      "version": "3.4.0",
      "requires": {
        "binary-case": "^1.0.0",
        "type-is": "^1.6.16"
      }
    },
    "aws-serverless-express": {
      "version": "3.4.0",
      "requires": {
        "@vendia/serverless-express": "^3.4.0",
        "binary-case": "^1.0.0",
        "type-is": "^1.6.16"
      }
    },
    "binary-case": {
      "version": "1.1.4"
    },
    "cookie": {
      "version": "0.4.1"
    },
    "cookie-signature": {
      "version": "1.1.0"
    },
    "csrf": {
      "version": "3.1.0",
      "requires": {
        "rndm": "1.2.0",
        "tsscmp": "1.0.6",
        "uid-safe": "2.1.5"
      }
    },
    "media-typer": {
      "version": "0.3.0"
    },
    "mime-db": {
      "version": "1.49.0"
    },
    "mime-types": {
      "version": "2.1.32",
      "requires": {
        "mime-db": "1.49.0"
      }
    },
    "node-webtokens": {
      "version": "1.0.4"
    },
    "queue-microtask": {
      "version": "1.2.3"
    },
    "random-bytes": {
      "version": "1.0.0"
    },
    "rndm": {
      "version": "1.2.0"
    },
    "run-parallel": {
      "version": "1.2.0",
      "requires": {
        "queue-microtask": "^1.2.2"
      }
    },
    "run-waterfall": {
      "version": "1.1.7"
    },
    "tsscmp": {
      "version": "1.0.6"
    },
    "type-is": {
      "version": "1.6.18",
      "requires": {
        "media-typer": "0.3.0",
        "mime-types": "~2.1.24"
      }
    },
    "uid-safe": {
      "version": "2.1.5",
      "requires": {
        "random-bytes": "~1.0.0"
      }
    }
  }
}
